
Microsoft Visual Studio Solution File, Format Version 12.00
Project("{FAE04EC0-301F-11D3-BF4B-00C04F79EFBC}") = "Common", "Common\Common.csproj", "{9963D4EB-F528-4AA9-ACE7-221706292BE6}"
EndProject
Project("{FAE04EC0-301F-11D3-BF4B-00C04F79EFBC}") = "GameServer.Protocol", "GameServer.Protocol\GameServer.Protocol.csproj", "{F2AD693C-5CF5-4554-A73D-1C27BE1E0BB3}"
EndProject
Project("{FAE04EC0-301F-11D3-BF4B-00C04F79EFBC}") = "GameServer", "GameServer\GameServer.csproj", "{932B1D69-1502-467A-B006-EEDA62BAF62A}"
EndProject
Project("{FAE04EC0-301F-11D3-BF4B-00C04F79EFBC}") = "GameClient", "GameClient\GameClient.csproj", "{A1B2C3D4-E5F6-7890-ABCD-EF1234567890}"
EndProject
Project("{2150E333-8FDC-42A3-9474-1A3956D46DE8}") = "Legacy", "Legacy", "{B1C2D3E4-F5A6-7890-BCDE-F01234567890}"
EndProject
Project("{FAE04EC0-301F-11D3-BF4B-00C04F79EFBC}") = "EchoServer", "Legacy\EchoServer\EchoServer.csproj", "{221F57A0-BA36-44B9-B952-94127231D721}"
EndProject
Project("{FAE04EC0-301F-11D3-BF4B-00C04F79EFBC}") = "EchoClient", "Legacy\EchoClient\EchoClient.csproj", "{CCE8C1AE-E3DA-4C61-91E6-3DE08301B308}"
EndProject
Project("{FAE04EC0-301F-11D3-BF4B-00C04F79EFBC}") = "MessagePack.DotNetty", "Legacy\MessagePack.DotNetty\MessagePack.DotNetty.csproj", "{89B50D1F-AC90-44A9-AF5D-238AC05453DC}"
EndProject
Project("{FAE04EC0-301F-11D3-BF4B-00C04F79EFBC}") = "MemoryPack.DotNetty", "Legacy\MemoryPack.DotNetty\MemoryPack.DotNetty.csproj", "{51628620-CEE2-4A69-89EC-A7371D569594}"
EndProject
Project("{FAE04EC0-301F-11D3-BF4B-00C04F79EFBC}") = "GameServer.Database", "GameServer.Database\GameServer.Database.csproj", "{A8D1606B-BD2A-4102-AE67-3763ACE8AB96}"
EndProject
Global
	GlobalSection(SolutionConfigurationPlatforms) = preSolution
		Debug|Any CPU = Debug|Any CPU
		Debug|x64 = Debug|x64
		Debug|x86 = Debug|x86
		Release|Any CPU = Release|Any CPU
		Release|x64 = Release|x64
		Release|x86 = Release|x86
	EndGlobalSection
	GlobalSection(ProjectConfigurationPlatforms) = postSolution
		{9963D4EB-F528-4AA9-ACE7-221706292BE6}.Debug|Any CPU.ActiveCfg = Debug|Any CPU
		{9963D4EB-F528-4AA9-ACE7-221706292BE6}.Debug|Any CPU.Build.0 = Debug|Any CPU
		{9963D4EB-F528-4AA9-ACE7-221706292BE6}.Debug|x64.ActiveCfg = Debug|Any CPU
		{9963D4EB-F528-4AA9-ACE7-221706292BE6}.Debug|x64.Build.0 = Debug|Any CPU
		{9963D4EB-F528-4AA9-ACE7-221706292BE6}.Debug|x86.ActiveCfg = Debug|Any CPU
		{9963D4EB-F528-4AA9-ACE7-221706292BE6}.Debug|x86.Build.0 = Debug|Any CPU
		{9963D4EB-F528-4AA9-ACE7-221706292BE6}.Release|Any CPU.ActiveCfg = Release|Any CPU
		{9963D4EB-F528-4AA9-ACE7-221706292BE6}.Release|Any CPU.Build.0 = Release|Any CPU
		{9963D4EB-F528-4AA9-ACE7-221706292BE6}.Release|x64.ActiveCfg = Release|Any CPU
		{9963D4EB-F528-4AA9-ACE7-221706292BE6}.Release|x64.Build.0 = Release|Any CPU
		{9963D4EB-F528-4AA9-ACE7-221706292BE6}.Release|x86.ActiveCfg = Release|Any CPU
		{9963D4EB-F528-4AA9-ACE7-221706292BE6}.Release|x86.Build.0 = Release|Any CPU
		{F2AD693C-5CF5-4554-A73D-1C27BE1E0BB3}.Debug|Any CPU.ActiveCfg = Debug|Any CPU
		{F2AD693C-5CF5-4554-A73D-1C27BE1E0BB3}.Debug|Any CPU.Build.0 = Debug|Any CPU
		{F2AD693C-5CF5-4554-A73D-1C27BE1E0BB3}.Debug|x64.ActiveCfg = Debug|Any CPU
		{F2AD693C-5CF5-4554-A73D-1C27BE1E0BB3}.Debug|x64.Build.0 = Debug|Any CPU
		{F2AD693C-5CF5-4554-A73D-1C27BE1E0BB3}.Debug|x86.ActiveCfg = Debug|Any CPU
		{F2AD693C-5CF5-4554-A73D-1C27BE1E0BB3}.Debug|x86.Build.0 = Debug|Any CPU
		{F2AD693C-5CF5-4554-A73D-1C27BE1E0BB3}.Release|Any CPU.ActiveCfg = Release|Any CPU
		{F2AD693C-5CF5-4554-A73D-1C27BE1E0BB3}.Release|Any CPU.Build.0 = Release|Any CPU
		{F2AD693C-5CF5-4554-A73D-1C27BE1E0BB3}.Release|x64.ActiveCfg = Release|Any CPU
		{F2AD693C-5CF5-4554-A73D-1C27BE1E0BB3}.Release|x64.Build.0 = Release|Any CPU
		{F2AD693C-5CF5-4554-A73D-1C27BE1E0BB3}.Release|x86.ActiveCfg = Release|Any CPU
		{F2AD693C-5CF5-4554-A73D-1C27BE1E0BB3}.Release|x86.Build.0 = Release|Any CPU
		{932B1D69-1502-467A-B006-EEDA62BAF62A}.Debug|Any CPU.ActiveCfg = Debug|Any CPU
		{932B1D69-1502-467A-B006-EEDA62BAF62A}.Debug|Any CPU.Build.0 = Debug|Any CPU
		{932B1D69-1502-467A-B006-EEDA62BAF62A}.Debug|x64.ActiveCfg = Debug|Any CPU
		{932B1D69-1502-467A-B006-EEDA62BAF62A}.Debug|x64.Build.0 = Debug|Any CPU
		{932B1D69-1502-467A-B006-EEDA62BAF62A}.Debug|x86.ActiveCfg = Debug|Any CPU
		{932B1D69-1502-467A-B006-EEDA62BAF62A}.Debug|x86.Build.0 = Debug|Any CPU
		{932B1D69-1502-467A-B006-EEDA62BAF62A}.Release|Any CPU.ActiveCfg = Release|Any CPU
		{932B1D69-1502-467A-B006-EEDA62BAF62A}.Release|Any CPU.Build.0 = Release|Any CPU
		{932B1D69-1502-467A-B006-EEDA62BAF62A}.Release|x64.ActiveCfg = Release|Any CPU
		{932B1D69-1502-467A-B006-EEDA62BAF62A}.Release|x64.Build.0 = Release|Any CPU
		{932B1D69-1502-467A-B006-EEDA62BAF62A}.Release|x86.ActiveCfg = Release|Any CPU
		{932B1D69-1502-467A-B006-EEDA62BAF62A}.Release|x86.Build.0 = Release|Any CPU
		{A1B2C3D4-E5F6-7890-ABCD-EF1234567890}.Debug|Any CPU.ActiveCfg = Debug|Any CPU
		{A1B2C3D4-E5F6-7890-ABCD-EF1234567890}.Debug|Any CPU.Build.0 = Debug|Any CPU
		{A1B2C3D4-E5F6-7890-ABCD-EF1234567890}.Debug|x64.ActiveCfg = Debug|Any CPU
		{A1B2C3D4-E5F6-7890-ABCD-EF1234567890}.Debug|x64.Build.0 = Debug|Any CPU
		{A1B2C3D4-E5F6-7890-ABCD-EF1234567890}.Debug|x86.ActiveCfg = Debug|Any CPU
		{A1B2C3D4-E5F6-7890-ABCD-EF1234567890}.Debug|x86.Build.0 = Debug|Any CPU
		{A1B2C3D4-E5F6-7890-ABCD-EF1234567890}.Release|Any CPU.ActiveCfg = Release|Any CPU
		{A1B2C3D4-E5F6-7890-ABCD-EF1234567890}.Release|Any CPU.Build.0 = Release|Any CPU
		{A1B2C3D4-E5F6-7890-ABCD-EF1234567890}.Release|x64.ActiveCfg = Release|Any CPU
		{A1B2C3D4-E5F6-7890-ABCD-EF1234567890}.Release|x64.Build.0 = Release|Any CPU
		{A1B2C3D4-E5F6-7890-ABCD-EF1234567890}.Release|x86.ActiveCfg = Release|Any CPU
		{A1B2C3D4-E5F6-7890-ABCD-EF1234567890}.Release|x86.Build.0 = Release|Any CPU
		{221F57A0-BA36-44B9-B952-94127231D721}.Debug|Any CPU.ActiveCfg = Debug|Any CPU
		{221F57A0-BA36-44B9-B952-94127231D721}.Debug|Any CPU.Build.0 = Debug|Any CPU
		{221F57A0-BA36-44B9-B952-94127231D721}.Debug|x64.ActiveCfg = Debug|Any CPU
		{221F57A0-BA36-44B9-B952-94127231D721}.Debug|x64.Build.0 = Debug|Any CPU
		{221F57A0-BA36-44B9-B952-94127231D721}.Debug|x86.ActiveCfg = Debug|Any CPU
		{221F57A0-BA36-44B9-B952-94127231D721}.Debug|x86.Build.0 = Debug|Any CPU
		{221F57A0-BA36-44B9-B952-94127231D721}.Release|Any CPU.ActiveCfg = Release|Any CPU
		{221F57A0-BA36-44B9-B952-94127231D721}.Release|Any CPU.Build.0 = Release|Any CPU
		{221F57A0-BA36-44B9-B952-94127231D721}.Release|x64.ActiveCfg = Release|Any CPU
		{221F57A0-BA36-44B9-B952-94127231D721}.Release|x64.Build.0 = Release|Any CPU
		{221F57A0-BA36-44B9-B952-94127231D721}.Release|x86.ActiveCfg = Release|Any CPU
		{221F57A0-BA36-44B9-B952-94127231D721}.Release|x86.Build.0 = Release|Any CPU
		{CCE8C1AE-E3DA-4C61-91E6-3DE08301B308}.Debug|Any CPU.ActiveCfg = Debug|Any CPU
		{CCE8C1AE-E3DA-4C61-91E6-3DE08301B308}.Debug|Any CPU.Build.0 = Debug|Any CPU
		{CCE8C1AE-E3DA-4C61-91E6-3DE08301B308}.Debug|x64.ActiveCfg = Debug|Any CPU
		{CCE8C1AE-E3DA-4C61-91E6-3DE08301B308}.Debug|x64.Build.0 = Debug|Any CPU
		{CCE8C1AE-E3DA-4C61-91E6-3DE08301B308}.Debug|x86.ActiveCfg = Debug|Any CPU
		{CCE8C1AE-E3DA-4C61-91E6-3DE08301B308}.Debug|x86.Build.0 = Debug|Any CPU
		{CCE8C1AE-E3DA-4C61-91E6-3DE08301B308}.Release|Any CPU.ActiveCfg = Release|Any CPU
		{CCE8C1AE-E3DA-4C61-91E6-3DE08301B308}.Release|Any CPU.Build.0 = Release|Any CPU
		{CCE8C1AE-E3DA-4C61-91E6-3DE08301B308}.Release|x64.ActiveCfg = Release|Any CPU
		{CCE8C1AE-E3DA-4C61-91E6-3DE08301B308}.Release|x64.Build.0 = Release|Any CPU
		{CCE8C1AE-E3DA-4C61-91E6-3DE08301B308}.Release|x86.ActiveCfg = Release|Any CPU
		{CCE8C1AE-E3DA-4C61-91E6-3DE08301B308}.Release|x86.Build.0 = Release|Any CPU
		{89B50D1F-AC90-44A9-AF5D-238AC05453DC}.Debug|Any CPU.ActiveCfg = Debug|Any CPU
		{89B50D1F-AC90-44A9-AF5D-238AC05453DC}.Debug|Any CPU.Build.0 = Debug|Any CPU
		{89B50D1F-AC90-44A9-AF5D-238AC05453DC}.Debug|x64.ActiveCfg = Debug|Any CPU
		{89B50D1F-AC90-44A9-AF5D-238AC05453DC}.Debug|x64.Build.0 = Debug|Any CPU
		{89B50D1F-AC90-44A9-AF5D-238AC05453DC}.Debug|x86.ActiveCfg = Debug|Any CPU
		{89B50D1F-AC90-44A9-AF5D-238AC05453DC}.Debug|x86.Build.0 = Debug|Any CPU
		{89B50D1F-AC90-44A9-AF5D-238AC05453DC}.Release|Any CPU.ActiveCfg = Release|Any CPU
		{89B50D1F-AC90-44A9-AF5D-238AC05453DC}.Release|Any CPU.Build.0 = Release|Any CPU
		{89B50D1F-AC90-44A9-AF5D-238AC05453DC}.Release|x64.ActiveCfg = Release|Any CPU
		{89B50D1F-AC90-44A9-AF5D-238AC05453DC}.Release|x64.Build.0 = Release|Any CPU
		{89B50D1F-AC90-44A9-AF5D-238AC05453DC}.Release|x86.ActiveCfg = Release|Any CPU
		{89B50D1F-AC90-44A9-AF5D-238AC05453DC}.Release|x86.Build.0 = Release|Any CPU
		{51628620-CEE2-4A69-89EC-A7371D569594}.Debug|Any CPU.ActiveCfg = Debug|Any CPU
		{51628620-CEE2-4A69-89EC-A7371D569594}.Debug|Any CPU.Build.0 = Debug|Any CPU
		{51628620-CEE2-4A69-89EC-A7371D569594}.Debug|x64.ActiveCfg = Debug|Any CPU
		{51628620-CEE2-4A69-89EC-A7371D569594}.Debug|x64.Build.0 = Debug|Any CPU
		{51628620-CEE2-4A69-89EC-A7371D569594}.Debug|x86.ActiveCfg = Debug|Any CPU
		{51628620-CEE2-4A69-89EC-A7371D569594}.Debug|x86.Build.0 = Debug|Any CPU
		{51628620-CEE2-4A69-89EC-A7371D569594}.Release|Any CPU.ActiveCfg = Release|Any CPU
		{51628620-CEE2-4A69-89EC-A7371D569594}.Release|Any CPU.Build.0 = Release|Any CPU
		{51628620-CEE2-4A69-89EC-A7371D569594}.Release|x64.ActiveCfg = Release|Any CPU
		{51628620-CEE2-4A69-89EC-A7371D569594}.Release|x64.Build.0 = Release|Any CPU
		{51628620-CEE2-4A69-89EC-A7371D569594}.Release|x86.ActiveCfg = Release|Any CPU
		{51628620-CEE2-4A69-89EC-A7371D569594}.Release|x86.Build.0 = Release|Any CPU
		{A8D1606B-BD2A-4102-AE67-3763ACE8AB96}.Debug|Any CPU.ActiveCfg = Debug|Any CPU
		{A8D1606B-BD2A-4102-AE67-3763ACE8AB96}.Debug|Any CPU.Build.0 = Debug|Any CPU
		{A8D1606B-BD2A-4102-AE67-3763ACE8AB96}.Debug|x64.ActiveCfg = Debug|Any CPU
		{A8D1606B-BD2A-4102-AE67-3763ACE8AB96}.Debug|x64.Build.0 = Debug|Any CPU
		{A8D1606B-BD2A-4102-AE67-3763ACE8AB96}.Debug|x86.ActiveCfg = Debug|Any CPU
		{A8D1606B-BD2A-4102-AE67-3763ACE8AB96}.Debug|x86.Build.0 = Debug|Any CPU
		{A8D1606B-BD2A-4102-AE67-3763ACE8AB96}.Release|Any CPU.ActiveCfg = Release|Any CPU
		{A8D1606B-BD2A-4102-AE67-3763ACE8AB96}.Release|Any CPU.Build.0 = Release|Any CPU
		{A8D1606B-BD2A-4102-AE67-3763ACE8AB96}.Release|x64.ActiveCfg = Release|Any CPU
		{A8D1606B-BD2A-4102-AE67-3763ACE8AB96}.Release|x64.Build.0 = Release|Any CPU
		{A8D1606B-BD2A-4102-AE67-3763ACE8AB96}.Release|x86.ActiveCfg = Release|Any CPU
		{A8D1606B-BD2A-4102-AE67-3763ACE8AB96}.Release|x86.Build.0 = Release|Any CPU
	EndGlobalSection
	GlobalSection(SolutionProperties) = preSolution
		HideSolutionNode = FALSE
	EndGlobalSection
	GlobalSection(NestedProjects) = preSolution
		{221F57A0-BA36-44B9-B952-94127231D721} = {B1C2D3E4-F5A6-7890-BCDE-F01234567890}
		{CCE8C1AE-E3DA-4C61-91E6-3DE08301B308} = {B1C2D3E4-F5A6-7890-BCDE-F01234567890}
		{89B50D1F-AC90-44A9-AF5D-238AC05453DC} = {B1C2D3E4-F5A6-7890-BCDE-F01234567890}
		{51628620-CEE2-4A69-89EC-A7371D569594} = {B1C2D3E4-F5A6-7890-BCDE-F01234567890}
	EndGlobalSection
EndGlobal
