
Microsoft Visual Studio Solution File, Format Version 12.00
Project("{FAE04EC0-301F-11D3-BF4B-00C04F79EFBC}") = "Common.Shared", "Common.Shared\Common.Shared.csproj", "{C1A2B3C4-D5E6-7F80-9A1B-2C3D4E5F6A7B}"
EndProject
Project("{FAE04EC0-301F-11D3-BF4B-00C04F79EFBC}") = "Common.Server", "Common.Server\Common.Server.csproj", "{D2E3F4A5-B6C7-8D90-1E2F-3A4B5C6D7E8F}"
EndProject
Project("{FAE04EC0-301F-11D3-BF4B-00C04F79EFBC}") = "Common.Client", "Common.Client\Common.Client.csproj", "{E3F4A5B6-C7D8-9E01-2F3A-4B5C6D7E8F90}"
EndProject
Project("{FAE04EC0-301F-11D3-BF4B-00C04F79EFBC}") = "GameServer.Protocol", "GameServer.Protocol\GameServer.Protocol.csproj", "{F2AD693C-5CF5-4554-A73D-1C27BE1E0BB3}"
EndProject
Project("{FAE04EC0-301F-11D3-BF4B-00C04F79EFBC}") = "GameServer", "GameServer\GameServer.csproj", "{932B1D69-1502-467A-B006-EEDA62BAF62A}"
EndProject
Project("{FAE04EC0-301F-11D3-BF4B-00C04F79EFBC}") = "TestClient", "TestClient\TestClient.csproj", "{A1B2C3D4-E5F6-7890-ABCD-EF1234567890}"
EndProject
Project("{FAE04EC0-301F-11D3-BF4B-00C04F79EFBC}") = "GameServer.Database", "GameServer.Database\GameServer.Database.csproj", "{A8D1606B-BD2A-4102-AE67-3763ACE8AB96}"
EndProject
Global
	GlobalSection(SolutionConfigurationPlatforms) = preSolution
		Debug|Any CPU = Debug|Any CPU
		Debug|x64 = Debug|x64
		Debug|x86 = Debug|x86
		Release|Any CPU = Release|Any CPU
		Release|x64 = Release|x64
		Release|x86 = Release|x86
	EndGlobalSection
	GlobalSection(ProjectConfigurationPlatforms) = postSolution
		{C1A2B3C4-D5E6-7F80-9A1B-2C3D4E5F6A7B}.Debug|Any CPU.ActiveCfg = Debug|Any CPU
		{C1A2B3C4-D5E6-7F80-9A1B-2C3D4E5F6A7B}.Debug|Any CPU.Build.0 = Debug|Any CPU
		{C1A2B3C4-D5E6-7F80-9A1B-2C3D4E5F6A7B}.Debug|x64.ActiveCfg = Debug|Any CPU
		{C1A2B3C4-D5E6-7F80-9A1B-2C3D4E5F6A7B}.Debug|x64.Build.0 = Debug|Any CPU
		{C1A2B3C4-D5E6-7F80-9A1B-2C3D4E5F6A7B}.Debug|x86.ActiveCfg = Debug|Any CPU
		{C1A2B3C4-D5E6-7F80-9A1B-2C3D4E5F6A7B}.Debug|x86.Build.0 = Debug|Any CPU
		{C1A2B3C4-D5E6-7F80-9A1B-2C3D4E5F6A7B}.Release|Any CPU.ActiveCfg = Release|Any CPU
		{C1A2B3C4-D5E6-7F80-9A1B-2C3D4E5F6A7B}.Release|Any CPU.Build.0 = Release|Any CPU
		{C1A2B3C4-D5E6-7F80-9A1B-2C3D4E5F6A7B}.Release|x64.ActiveCfg = Release|Any CPU
		{C1A2B3C4-D5E6-7F80-9A1B-2C3D4E5F6A7B}.Release|x64.Build.0 = Release|Any CPU
		{C1A2B3C4-D5E6-7F80-9A1B-2C3D4E5F6A7B}.Release|x86.ActiveCfg = Release|Any CPU
		{C1A2B3C4-D5E6-7F80-9A1B-2C3D4E5F6A7B}.Release|x86.Build.0 = Release|Any CPU
		{D2E3F4A5-B6C7-8D90-1E2F-3A4B5C6D7E8F}.Debug|Any CPU.ActiveCfg = Debug|Any CPU
		{D2E3F4A5-B6C7-8D90-1E2F-3A4B5C6D7E8F}.Debug|Any CPU.Build.0 = Debug|Any CPU
		{D2E3F4A5-B6C7-8D90-1E2F-3A4B5C6D7E8F}.Debug|x64.ActiveCfg = Debug|Any CPU
		{D2E3F4A5-B6C7-8D90-1E2F-3A4B5C6D7E8F}.Debug|x64.Build.0 = Debug|Any CPU
		{D2E3F4A5-B6C7-8D90-1E2F-3A4B5C6D7E8F}.Debug|x86.ActiveCfg = Debug|Any CPU
		{D2E3F4A5-B6C7-8D90-1E2F-3A4B5C6D7E8F}.Debug|x86.Build.0 = Debug|Any CPU
		{D2E3F4A5-B6C7-8D90-1E2F-3A4B5C6D7E8F}.Release|Any CPU.ActiveCfg = Release|Any CPU
		{D2E3F4A5-B6C7-8D90-1E2F-3A4B5C6D7E8F}.Release|Any CPU.Build.0 = Release|Any CPU
		{D2E3F4A5-B6C7-8D90-1E2F-3A4B5C6D7E8F}.Release|x64.ActiveCfg = Release|Any CPU
		{D2E3F4A5-B6C7-8D90-1E2F-3A4B5C6D7E8F}.Release|x64.Build.0 = Release|Any CPU
		{D2E3F4A5-B6C7-8D90-1E2F-3A4B5C6D7E8F}.Release|x86.ActiveCfg = Release|Any CPU
		{D2E3F4A5-B6C7-8D90-1E2F-3A4B5C6D7E8F}.Release|x86.Build.0 = Release|Any CPU
		{E3F4A5B6-C7D8-9E01-2F3A-4B5C6D7E8F90}.Debug|Any CPU.ActiveCfg = Debug|Any CPU
		{E3F4A5B6-C7D8-9E01-2F3A-4B5C6D7E8F90}.Debug|Any CPU.Build.0 = Debug|Any CPU
		{E3F4A5B6-C7D8-9E01-2F3A-4B5C6D7E8F90}.Debug|x64.ActiveCfg = Debug|Any CPU
		{E3F4A5B6-C7D8-9E01-2F3A-4B5C6D7E8F90}.Debug|x64.Build.0 = Debug|Any CPU
		{E3F4A5B6-C7D8-9E01-2F3A-4B5C6D7E8F90}.Debug|x86.ActiveCfg = Debug|Any CPU
		{E3F4A5B6-C7D8-9E01-2F3A-4B5C6D7E8F90}.Debug|x86.Build.0 = Debug|Any CPU
		{E3F4A5B6-C7D8-9E01-2F3A-4B5C6D7E8F90}.Release|Any CPU.ActiveCfg = Release|Any CPU
		{E3F4A5B6-C7D8-9E01-2F3A-4B5C6D7E8F90}.Release|Any CPU.Build.0 = Release|Any CPU
		{E3F4A5B6-C7D8-9E01-2F3A-4B5C6D7E8F90}.Release|x64.ActiveCfg = Release|Any CPU
		{E3F4A5B6-C7D8-9E01-2F3A-4B5C6D7E8F90}.Release|x64.Build.0 = Release|Any CPU
		{E3F4A5B6-C7D8-9E01-2F3A-4B5C6D7E8F90}.Release|x86.ActiveCfg = Release|Any CPU
		{E3F4A5B6-C7D8-9E01-2F3A-4B5C6D7E8F90}.Release|x86.Build.0 = Release|Any CPU
		{F2AD693C-5CF5-4554-A73D-1C27BE1E0BB3}.Debug|Any CPU.ActiveCfg = Debug|Any CPU
		{F2AD693C-5CF5-4554-A73D-1C27BE1E0BB3}.Debug|Any CPU.Build.0 = Debug|Any CPU
		{F2AD693C-5CF5-4554-A73D-1C27BE1E0BB3}.Debug|x64.ActiveCfg = Debug|Any CPU
		{F2AD693C-5CF5-4554-A73D-1C27BE1E0BB3}.Debug|x64.Build.0 = Debug|Any CPU
		{F2AD693C-5CF5-4554-A73D-1C27BE1E0BB3}.Debug|x86.ActiveCfg = Debug|Any CPU
		{F2AD693C-5CF5-4554-A73D-1C27BE1E0BB3}.Debug|x86.Build.0 = Debug|Any CPU
		{F2AD693C-5CF5-4554-A73D-1C27BE1E0BB3}.Release|Any CPU.ActiveCfg = Release|Any CPU
		{F2AD693C-5CF5-4554-A73D-1C27BE1E0BB3}.Release|Any CPU.Build.0 = Release|Any CPU
		{F2AD693C-5CF5-4554-A73D-1C27BE1E0BB3}.Release|x64.ActiveCfg = Release|Any CPU
		{F2AD693C-5CF5-4554-A73D-1C27BE1E0BB3}.Release|x64.Build.0 = Release|Any CPU
		{F2AD693C-5CF5-4554-A73D-1C27BE1E0BB3}.Release|x86.ActiveCfg = Release|Any CPU
		{F2AD693C-5CF5-4554-A73D-1C27BE1E0BB3}.Release|x86.Build.0 = Release|Any CPU
		{932B1D69-1502-467A-B006-EEDA62BAF62A}.Debug|Any CPU.ActiveCfg = Debug|Any CPU
		{932B1D69-1502-467A-B006-EEDA62BAF62A}.Debug|Any CPU.Build.0 = Debug|Any CPU
		{932B1D69-1502-467A-B006-EEDA62BAF62A}.Debug|x64.ActiveCfg = Debug|Any CPU
		{932B1D69-1502-467A-B006-EEDA62BAF62A}.Debug|x64.Build.0 = Debug|Any CPU
		{932B1D69-1502-467A-B006-EEDA62BAF62A}.Debug|x86.ActiveCfg = Debug|Any CPU
		{932B1D69-1502-467A-B006-EEDA62BAF62A}.Debug|x86.Build.0 = Debug|Any CPU
		{932B1D69-1502-467A-B006-EEDA62BAF62A}.Release|Any CPU.ActiveCfg = Release|Any CPU
		{932B1D69-1502-467A-B006-EEDA62BAF62A}.Release|Any CPU.Build.0 = Release|Any CPU
		{932B1D69-1502-467A-B006-EEDA62BAF62A}.Release|x64.ActiveCfg = Release|Any CPU
		{932B1D69-1502-467A-B006-EEDA62BAF62A}.Release|x64.Build.0 = Release|Any CPU
		{932B1D69-1502-467A-B006-EEDA62BAF62A}.Release|x86.ActiveCfg = Release|Any CPU
		{932B1D69-1502-467A-B006-EEDA62BAF62A}.Release|x86.Build.0 = Release|Any CPU
		{A1B2C3D4-E5F6-7890-ABCD-EF1234567890}.Debug|Any CPU.ActiveCfg = Debug|Any CPU
		{A1B2C3D4-E5F6-7890-ABCD-EF1234567890}.Debug|Any CPU.Build.0 = Debug|Any CPU
		{A1B2C3D4-E5F6-7890-ABCD-EF1234567890}.Debug|x64.ActiveCfg = Debug|Any CPU
		{A1B2C3D4-E5F6-7890-ABCD-EF1234567890}.Debug|x64.Build.0 = Debug|Any CPU
		{A1B2C3D4-E5F6-7890-ABCD-EF1234567890}.Debug|x86.ActiveCfg = Debug|Any CPU
		{A1B2C3D4-E5F6-7890-ABCD-EF1234567890}.Debug|x86.Build.0 = Debug|Any CPU
		{A1B2C3D4-E5F6-7890-ABCD-EF1234567890}.Release|Any CPU.ActiveCfg = Release|Any CPU
		{A1B2C3D4-E5F6-7890-ABCD-EF1234567890}.Release|Any CPU.Build.0 = Release|Any CPU
		{A1B2C3D4-E5F6-7890-ABCD-EF1234567890}.Release|x64.ActiveCfg = Release|Any CPU
		{A1B2C3D4-E5F6-7890-ABCD-EF1234567890}.Release|x64.Build.0 = Release|Any CPU
		{A1B2C3D4-E5F6-7890-ABCD-EF1234567890}.Release|x86.ActiveCfg = Release|Any CPU
		{A1B2C3D4-E5F6-7890-ABCD-EF1234567890}.Release|x86.Build.0 = Release|Any CPU
		{A8D1606B-BD2A-4102-AE67-3763ACE8AB96}.Debug|Any CPU.ActiveCfg = Debug|Any CPU
		{A8D1606B-BD2A-4102-AE67-3763ACE8AB96}.Debug|Any CPU.Build.0 = Debug|Any CPU
		{A8D1606B-BD2A-4102-AE67-3763ACE8AB96}.Debug|x64.ActiveCfg = Debug|Any CPU
		{A8D1606B-BD2A-4102-AE67-3763ACE8AB96}.Debug|x64.Build.0 = Debug|Any CPU
		{A8D1606B-BD2A-4102-AE67-3763ACE8AB96}.Debug|x86.ActiveCfg = Debug|Any CPU
		{A8D1606B-BD2A-4102-AE67-3763ACE8AB96}.Debug|x86.Build.0 = Debug|Any CPU
		{A8D1606B-BD2A-4102-AE67-3763ACE8AB96}.Release|Any CPU.ActiveCfg = Release|Any CPU
		{A8D1606B-BD2A-4102-AE67-3763ACE8AB96}.Release|Any CPU.Build.0 = Release|Any CPU
		{A8D1606B-BD2A-4102-AE67-3763ACE8AB96}.Release|x64.ActiveCfg = Release|Any CPU
		{A8D1606B-BD2A-4102-AE67-3763ACE8AB96}.Release|x64.Build.0 = Release|Any CPU
		{A8D1606B-BD2A-4102-AE67-3763ACE8AB96}.Release|x86.ActiveCfg = Release|Any CPU
		{A8D1606B-BD2A-4102-AE67-3763ACE8AB96}.Release|x86.Build.0 = Release|Any CPU
	EndGlobalSection
	GlobalSection(SolutionProperties) = preSolution
		HideSolutionNode = FALSE
	EndGlobalSection
EndGlobal
