
Microsoft Visual Studio Solution File, Format Version 12.00
# Visual Studio Version 17
VisualStudioVersion = 17.0.31903.59
MinimumVisualStudioVersion = 10.0.40219.1
Project("{FAE04EC0-301F-11D3-BF4B-00C04F79EFBC}") = "DataConverter.Core", "DataConverter.Core\DataConverter.Core.csproj", "{A35CB0C1-BC35-4F8D-9F7D-BDA0DFB8E749}"
EndProject
Project("{FAE04EC0-301F-11D3-BF4B-00C04F79EFBC}") = "DataConverter", "DataConverter\DataConverter.csproj", "{60EB9C7E-1D0D-462E-868C-50A9066AF0BC}"
EndProject
Project("{FAE04EC0-301F-11D3-BF4B-00C04F79EFBC}") = "DataConverter.UI", "DataConverter.UI\DataConverter.UI.csproj", "{A0B7FAD5-2C1C-4815-AE34-E2EF3DB1A275}"
EndProject
Global
	GlobalSection(SolutionConfigurationPlatforms) = preSolution
		Debug|Any CPU = Debug|Any CPU
		Debug|x64 = Debug|x64
		Debug|x86 = Debug|x86
		Release|Any CPU = Release|Any CPU
		Release|x64 = Release|x64
		Release|x86 = Release|x86
	EndGlobalSection
	GlobalSection(ProjectConfigurationPlatforms) = postSolution
		{A35CB0C1-BC35-4F8D-9F7D-BDA0DFB8E749}.Debug|Any CPU.ActiveCfg = Debug|Any CPU
		{A35CB0C1-BC35-4F8D-9F7D-BDA0DFB8E749}.Debug|Any CPU.Build.0 = Debug|Any CPU
		{A35CB0C1-BC35-4F8D-9F7D-BDA0DFB8E749}.Debug|x64.ActiveCfg = Debug|Any CPU
		{A35CB0C1-BC35-4F8D-9F7D-BDA0DFB8E749}.Debug|x64.Build.0 = Debug|Any CPU
		{A35CB0C1-BC35-4F8D-9F7D-BDA0DFB8E749}.Debug|x86.ActiveCfg = Debug|Any CPU
		{A35CB0C1-BC35-4F8D-9F7D-BDA0DFB8E749}.Debug|x86.Build.0 = Debug|Any CPU
		{A35CB0C1-BC35-4F8D-9F7D-BDA0DFB8E749}.Release|Any CPU.ActiveCfg = Release|Any CPU
		{A35CB0C1-BC35-4F8D-9F7D-BDA0DFB8E749}.Release|Any CPU.Build.0 = Release|Any CPU
		{A35CB0C1-BC35-4F8D-9F7D-BDA0DFB8E749}.Release|x64.ActiveCfg = Release|Any CPU
		{A35CB0C1-BC35-4F8D-9F7D-BDA0DFB8E749}.Release|x64.Build.0 = Release|Any CPU
		{A35CB0C1-BC35-4F8D-9F7D-BDA0DFB8E749}.Release|x86.ActiveCfg = Release|Any CPU
		{A35CB0C1-BC35-4F8D-9F7D-BDA0DFB8E749}.Release|x86.Build.0 = Release|Any CPU
		{60EB9C7E-1D0D-462E-868C-50A9066AF0BC}.Debug|Any CPU.ActiveCfg = Debug|Any CPU
		{60EB9C7E-1D0D-462E-868C-50A9066AF0BC}.Debug|Any CPU.Build.0 = Debug|Any CPU
		{60EB9C7E-1D0D-462E-868C-50A9066AF0BC}.Debug|x64.ActiveCfg = Debug|Any CPU
		{60EB9C7E-1D0D-462E-868C-50A9066AF0BC}.Debug|x64.Build.0 = Debug|Any CPU
		{60EB9C7E-1D0D-462E-868C-50A9066AF0BC}.Debug|x86.ActiveCfg = Debug|Any CPU
		{60EB9C7E-1D0D-462E-868C-50A9066AF0BC}.Debug|x86.Build.0 = Debug|Any CPU
		{60EB9C7E-1D0D-462E-868C-50A9066AF0BC}.Release|Any CPU.ActiveCfg = Release|Any CPU
		{60EB9C7E-1D0D-462E-868C-50A9066AF0BC}.Release|Any CPU.Build.0 = Release|Any CPU
		{60EB9C7E-1D0D-462E-868C-50A9066AF0BC}.Release|x64.ActiveCfg = Release|Any CPU
		{60EB9C7E-1D0D-462E-868C-50A9066AF0BC}.Release|x64.Build.0 = Release|Any CPU
		{60EB9C7E-1D0D-462E-868C-50A9066AF0BC}.Release|x86.ActiveCfg = Release|Any CPU
		{60EB9C7E-1D0D-462E-868C-50A9066AF0BC}.Release|x86.Build.0 = Release|Any CPU
		{A0B7FAD5-2C1C-4815-AE34-E2EF3DB1A275}.Debug|Any CPU.ActiveCfg = Debug|Any CPU
		{A0B7FAD5-2C1C-4815-AE34-E2EF3DB1A275}.Debug|Any CPU.Build.0 = Debug|Any CPU
		{A0B7FAD5-2C1C-4815-AE34-E2EF3DB1A275}.Debug|x64.ActiveCfg = Debug|Any CPU
		{A0B7FAD5-2C1C-4815-AE34-E2EF3DB1A275}.Debug|x64.Build.0 = Debug|Any CPU
		{A0B7FAD5-2C1C-4815-AE34-E2EF3DB1A275}.Debug|x86.ActiveCfg = Debug|Any CPU
		{A0B7FAD5-2C1C-4815-AE34-E2EF3DB1A275}.Debug|x86.Build.0 = Debug|Any CPU
		{A0B7FAD5-2C1C-4815-AE34-E2EF3DB1A275}.Release|Any CPU.ActiveCfg = Release|Any CPU
		{A0B7FAD5-2C1C-4815-AE34-E2EF3DB1A275}.Release|Any CPU.Build.0 = Release|Any CPU
		{A0B7FAD5-2C1C-4815-AE34-E2EF3DB1A275}.Release|x64.ActiveCfg = Release|Any CPU
		{A0B7FAD5-2C1C-4815-AE34-E2EF3DB1A275}.Release|x64.Build.0 = Release|Any CPU
		{A0B7FAD5-2C1C-4815-AE34-E2EF3DB1A275}.Release|x86.ActiveCfg = Release|Any CPU
		{A0B7FAD5-2C1C-4815-AE34-E2EF3DB1A275}.Release|x86.Build.0 = Release|Any CPU
	EndGlobalSection
	GlobalSection(SolutionProperties) = preSolution
		HideSolutionNode = FALSE
	EndGlobalSection
EndGlobal
